
Microsoft Visual Studio Solution File, Format Version 12.00
# Visual Studio 15
Project("{FAE04EC0-301F-11D3-BF4B-00C04F79EFBC}") = "CardboardSamples", "CardboardSamples.csproj", "{887C6FD0-F1D1-7ECF-614C-79303606A5DD}"
EndProject
Project("{FAE04EC0-301F-11D3-BF4B-00C04F79EFBC}") = "Unity.XR.Interaction.Toolkit.Samples.InteractionSimulator", "Unity.XR.Interaction.Toolkit.Samples.InteractionSimulator.csproj", "{E18DAD5C-D3A5-6613-1D95-587FAF07978F}"
EndProject
Project("{FAE04EC0-301F-11D3-BF4B-00C04F79EFBC}") = "Assembly-CSharp", "Assembly-CSharp.csproj", "{E4CB907E-6D59-F76C-A133-B6A2B340B561}"
EndProject
Project("{FAE04EC0-301F-11D3-BF4B-00C04F79EFBC}") = "Assembly-CSharp-Editor", "Assembly-CSharp-Editor.csproj", "{03250797-4B4F-99BC-06F4-5DD9A60D56CA}"
EndProject
Project("{FAE04EC0-301F-11D3-BF4B-00C04F79EFBC}") = "Unity.XR.Interaction.Toolkit.Samples.StarterAssets", "Unity.XR.Interaction.Toolkit.Samples.StarterAssets.csproj", "{1982C89C-9396-AB06-9F31-D91A11D2CDC7}"
EndProject
Project("{FAE04EC0-301F-11D3-BF4B-00C04F79EFBC}") = "Google.XR.Cardboard", "Google.XR.Cardboard.csproj", "{01E62CF3-80EB-270D-A61B-A53C3C71B486}"
EndProject
Project("{FAE04EC0-301F-11D3-BF4B-00C04F79EFBC}") = "Unity.XR.Interaction.Toolkit.Samples.StarterAssets.Editor", "Unity.XR.Interaction.Toolkit.Samples.StarterAssets.Editor.csproj", "{33B1D368-50CB-D7E6-E317-E235D3AF3594}"
EndProject
Project("{FAE04EC0-301F-11D3-BF4B-00C04F79EFBC}") = "CardboardSamplesa", "CardboardSamplesa.csproj", "{8A1A4DDD-CE6A-CA56-1A67-74B678061CCB}"
EndProject
Project("{FAE04EC0-301F-11D3-BF4B-00C04F79EFBC}") = "Google.XR.Cardboard.Editor", "Google.XR.Cardboard.Editor.csproj", "{7F857F23-EDE2-2917-514C-8479CAC87E4A}"
EndProject
Project("{FAE04EC0-301F-11D3-BF4B-00C04F79EFBC}") = "Unity.XR.Interaction.Toolkit.Samples.InteractionSimulator.Editor", "Unity.XR.Interaction.Toolkit.Samples.InteractionSimulator.Editor.csproj", "{E35CB259-0044-9D34-25DE-91A92911E23F}"
EndProject
Global
	GlobalSection(SolutionConfigurationPlatforms) = preSolution
		Debug|Any CPU = Debug|Any CPU
		Release|Any CPU = Release|Any CPU
	EndGlobalSection
	GlobalSection(ProjectConfigurationPlatforms) = postSolution
		{887C6FD0-F1D1-7ECF-614C-79303606A5DD}.Debug|Any CPU.ActiveCfg = Debug|Any CPU
		{887C6FD0-F1D1-7ECF-614C-79303606A5DD}.Debug|Any CPU.Build.0 = Debug|Any CPU
		{887C6FD0-F1D1-7ECF-614C-79303606A5DD}.Release|Any CPU.ActiveCfg = Release|Any CPU
		{887C6FD0-F1D1-7ECF-614C-79303606A5DD}.Release|Any CPU.Build.0 = Release|Any CPU
		{E18DAD5C-D3A5-6613-1D95-587FAF07978F}.Debug|Any CPU.ActiveCfg = Debug|Any CPU
		{E18DAD5C-D3A5-6613-1D95-587FAF07978F}.Debug|Any CPU.Build.0 = Debug|Any CPU
		{E18DAD5C-D3A5-6613-1D95-587FAF07978F}.Release|Any CPU.ActiveCfg = Release|Any CPU
		{E18DAD5C-D3A5-6613-1D95-587FAF07978F}.Release|Any CPU.Build.0 = Release|Any CPU
		{E4CB907E-6D59-F76C-A133-B6A2B340B561}.Debug|Any CPU.ActiveCfg = Debug|Any CPU
		{E4CB907E-6D59-F76C-A133-B6A2B340B561}.Debug|Any CPU.Build.0 = Debug|Any CPU
		{E4CB907E-6D59-F76C-A133-B6A2B340B561}.Release|Any CPU.ActiveCfg = Release|Any CPU
		{E4CB907E-6D59-F76C-A133-B6A2B340B561}.Release|Any CPU.Build.0 = Release|Any CPU
		{03250797-4B4F-99BC-06F4-5DD9A60D56CA}.Debug|Any CPU.ActiveCfg = Debug|Any CPU
		{03250797-4B4F-99BC-06F4-5DD9A60D56CA}.Debug|Any CPU.Build.0 = Debug|Any CPU
		{03250797-4B4F-99BC-06F4-5DD9A60D56CA}.Release|Any CPU.ActiveCfg = Release|Any CPU
		{03250797-4B4F-99BC-06F4-5DD9A60D56CA}.Release|Any CPU.Build.0 = Release|Any CPU
		{1982C89C-9396-AB06-9F31-D91A11D2CDC7}.Debug|Any CPU.ActiveCfg = Debug|Any CPU
		{1982C89C-9396-AB06-9F31-D91A11D2CDC7}.Debug|Any CPU.Build.0 = Debug|Any CPU
		{1982C89C-9396-AB06-9F31-D91A11D2CDC7}.Release|Any CPU.ActiveCfg = Release|Any CPU
		{1982C89C-9396-AB06-9F31-D91A11D2CDC7}.Release|Any CPU.Build.0 = Release|Any CPU
		{01E62CF3-80EB-270D-A61B-A53C3C71B486}.Debug|Any CPU.ActiveCfg = Debug|Any CPU
		{01E62CF3-80EB-270D-A61B-A53C3C71B486}.Debug|Any CPU.Build.0 = Debug|Any CPU
		{01E62CF3-80EB-270D-A61B-A53C3C71B486}.Release|Any CPU.ActiveCfg = Release|Any CPU
		{01E62CF3-80EB-270D-A61B-A53C3C71B486}.Release|Any CPU.Build.0 = Release|Any CPU
		{33B1D368-50CB-D7E6-E317-E235D3AF3594}.Debug|Any CPU.ActiveCfg = Debug|Any CPU
		{33B1D368-50CB-D7E6-E317-E235D3AF3594}.Debug|Any CPU.Build.0 = Debug|Any CPU
		{33B1D368-50CB-D7E6-E317-E235D3AF3594}.Release|Any CPU.ActiveCfg = Release|Any CPU
		{33B1D368-50CB-D7E6-E317-E235D3AF3594}.Release|Any CPU.Build.0 = Release|Any CPU
		{8A1A4DDD-CE6A-CA56-1A67-74B678061CCB}.Debug|Any CPU.ActiveCfg = Debug|Any CPU
		{8A1A4DDD-CE6A-CA56-1A67-74B678061CCB}.Debug|Any CPU.Build.0 = Debug|Any CPU
		{8A1A4DDD-CE6A-CA56-1A67-74B678061CCB}.Release|Any CPU.ActiveCfg = Release|Any CPU
		{8A1A4DDD-CE6A-CA56-1A67-74B678061CCB}.Release|Any CPU.Build.0 = Release|Any CPU
		{7F857F23-EDE2-2917-514C-8479CAC87E4A}.Debug|Any CPU.ActiveCfg = Debug|Any CPU
		{7F857F23-EDE2-2917-514C-8479CAC87E4A}.Debug|Any CPU.Build.0 = Debug|Any CPU
		{7F857F23-EDE2-2917-514C-8479CAC87E4A}.Release|Any CPU.ActiveCfg = Release|Any CPU
		{7F857F23-EDE2-2917-514C-8479CAC87E4A}.Release|Any CPU.Build.0 = Release|Any CPU
		{E35CB259-0044-9D34-25DE-91A92911E23F}.Debug|Any CPU.ActiveCfg = Debug|Any CPU
		{E35CB259-0044-9D34-25DE-91A92911E23F}.Debug|Any CPU.Build.0 = Debug|Any CPU
		{E35CB259-0044-9D34-25DE-91A92911E23F}.Release|Any CPU.ActiveCfg = Release|Any CPU
		{E35CB259-0044-9D34-25DE-91A92911E23F}.Release|Any CPU.Build.0 = Release|Any CPU
	EndGlobalSection
	GlobalSection(SolutionProperties) = preSolution
		HideSolutionNode = FALSE
	EndGlobalSection
EndGlobal
